
Microsoft Visual Studio Solution File, Format Version 12.00
# Visual Studio Version 17
VisualStudioVersion = 17.6.33815.320
MinimumVisualStudioVersion = 10.0.40219.1
Project("{FAE04EC0-301F-11D3-BF4B-00C04F79EFBC}") = "P016_UrunTanitim", "P016_UrunTanitim\P016_UrunTanitim.csproj", "{08AA73DD-5CFE-4B65-BCD7-76A1E2F3402E}"
EndProject
Global
	GlobalSection(SolutionConfigurationPlatforms) = preSolution
		Debug|Any CPU = Debug|Any CPU
		Release|Any CPU = Release|Any CPU
	EndGlobalSection
	GlobalSection(ProjectConfigurationPlatforms) = postSolution
		{08AA73DD-5CFE-4B65-BCD7-76A1E2F3402E}.Debug|Any CPU.ActiveCfg = Debug|Any CPU
		{08AA73DD-5CFE-4B65-BCD7-76A1E2F3402E}.Debug|Any CPU.Build.0 = Debug|Any CPU
		{08AA73DD-5CFE-4B65-BCD7-76A1E2F3402E}.Release|Any CPU.ActiveCfg = Release|Any CPU
		{08AA73DD-5CFE-4B65-BCD7-76A1E2F3402E}.Release|Any CPU.Build.0 = Release|Any CPU
	EndGlobalSection
	GlobalSection(SolutionProperties) = preSolution
		HideSolutionNode = FALSE
	EndGlobalSection
	GlobalSection(ExtensibilityGlobals) = postSolution
		SolutionGuid = {52CEB5CD-F053-4107-88EE-424D563393D3}
	EndGlobalSection
EndGlobal
